
Microsoft Visual Studio Solution File, Format Version 12.00
# Visual Studio Version 17
VisualStudioVersion = 17.14.36221.1 d17.14
MinimumVisualStudioVersion = 10.0.40219.1
Project("{FAE04EC0-301F-11D3-BF4B-00C04F79EFBC}") = "UserApplication", "UserApplication\UserApplication.csproj", "{36D863B6-343F-4C55-BF93-826399006349}"
EndProject
Global
	GlobalSection(SolutionConfigurationPlatforms) = preSolution
		Debug|Any CPU = Debug|Any CPU
		Release|Any CPU = Release|Any CPU
	EndGlobalSection
	GlobalSection(ProjectConfigurationPlatforms) = postSolution
		{36D863B6-343F-4C55-BF93-826399006349}.Debug|Any CPU.ActiveCfg = Debug|Any CPU
		{36D863B6-343F-4C55-BF93-826399006349}.Debug|Any CPU.Build.0 = Debug|Any CPU
		{36D863B6-343F-4C55-BF93-826399006349}.Release|Any CPU.ActiveCfg = Release|Any CPU
		{36D863B6-343F-4C55-BF93-826399006349}.Release|Any CPU.Build.0 = Release|Any CPU
	EndGlobalSection
	GlobalSection(SolutionProperties) = preSolution
		HideSolutionNode = FALSE
	EndGlobalSection
	GlobalSection(ExtensibilityGlobals) = postSolution
		SolutionGuid = {54D29D09-A42C-4D66-AD39-B941E9C7EE10}
	EndGlobalSection
EndGlobal
